
Microsoft Visual Studio Solution File, Format Version 12.00
# Visual Studio 15
VisualStudioVersion = 15.0.27428.2015
MinimumVisualStudioVersion = 10.0.40219.1
Project("{FAE04EC0-301F-11D3-BF4B-00C04F79EFBC}") = "Inlämningsuppgift_1_WindowsProgrammering", "Inlämningsuppgift_1_WindowsProgrammering\Inlämningsuppgift_1_WindowsProgrammering.csproj", "{EF33EE45-6B06-4594-90E4-0127903AC320}"
EndProject
Global
	GlobalSection(SolutionConfigurationPlatforms) = preSolution
		Debug|Any CPU = Debug|Any CPU
		Release|Any CPU = Release|Any CPU
	EndGlobalSection
	GlobalSection(ProjectConfigurationPlatforms) = postSolution
		{EF33EE45-6B06-4594-90E4-0127903AC320}.Debug|Any CPU.ActiveCfg = Debug|Any CPU
		{EF33EE45-6B06-4594-90E4-0127903AC320}.Debug|Any CPU.Build.0 = Debug|Any CPU
		{EF33EE45-6B06-4594-90E4-0127903AC320}.Release|Any CPU.ActiveCfg = Release|Any CPU
		{EF33EE45-6B06-4594-90E4-0127903AC320}.Release|Any CPU.Build.0 = Release|Any CPU
	EndGlobalSection
	GlobalSection(SolutionProperties) = preSolution
		HideSolutionNode = FALSE
	EndGlobalSection
	GlobalSection(ExtensibilityGlobals) = postSolution
		SolutionGuid = {03C8F684-89FB-482E-B85B-7C6088ACC863}
	EndGlobalSection
EndGlobal
